
Microsoft Visual Studio Solution File, Format Version 12.00
# Visual Studio Version 17
VisualStudioVersion = 17.0.31903.59
MinimumVisualStudioVersion = 10.0.40219.1
Project("{2150E333-8FDC-42A3-9474-1A3956D46DE8}") = "src", "src", "{827E0CD3-B72D-47B6-A68D-7590B98EB39B}"
EndProject
Project("{FAE04EC0-301F-11D3-BF4B-00C04F79EFBC}") = "SportHub.Api", "src\SportHub.Api\SportHub.Api.csproj", "{EC7FD2DF-BEDB-45F9-AC7E-9C482797F5C7}"
EndProject
Project("{FAE04EC0-301F-11D3-BF4B-00C04F79EFBC}") = "SportHub.Application", "src\SportHub.Application\SportHub.Application.csproj", "{EC295AA1-BF27-44CA-BD7B-1169AB22D4D2}"
EndProject
Project("{FAE04EC0-301F-11D3-BF4B-00C04F79EFBC}") = "SportHub.Domain", "src\SportHub.Domain\SportHub.Domain.csproj", "{B7664EAC-FDB6-4CEE-A9CA-823D4B0F17E2}"
EndProject
Project("{FAE04EC0-301F-11D3-BF4B-00C04F79EFBC}") = "SportHub.Infrastructure", "src\SportHub.Infrastructure\SportHub.Infrastructure.csproj", "{D8B372AE-8A70-4A4B-802E-7CCCE1B14D90}"
EndProject
Project("{2150E333-8FDC-42A3-9474-1A3956D46DE8}") = "tests", "tests", "{0AB3BF05-4346-4AA6-1389-037BE0695223}"
EndProject
Project("{FAE04EC0-301F-11D3-BF4B-00C04F79EFBC}") = "SportHub.Tests", "tests\SportHub.Tests\SportHub.Tests.csproj", "{9D4B67C3-57FC-4676-8FA7-AF31280DE8A0}"
EndProject
Global
	GlobalSection(SolutionConfigurationPlatforms) = preSolution
		Debug|Any CPU = Debug|Any CPU
		Debug|x64 = Debug|x64
		Debug|x86 = Debug|x86
		Release|Any CPU = Release|Any CPU
		Release|x64 = Release|x64
		Release|x86 = Release|x86
	EndGlobalSection
	GlobalSection(ProjectConfigurationPlatforms) = postSolution
		{EC7FD2DF-BEDB-45F9-AC7E-9C482797F5C7}.Debug|Any CPU.ActiveCfg = Debug|Any CPU
		{EC7FD2DF-BEDB-45F9-AC7E-9C482797F5C7}.Debug|Any CPU.Build.0 = Debug|Any CPU
		{EC7FD2DF-BEDB-45F9-AC7E-9C482797F5C7}.Debug|x64.ActiveCfg = Debug|Any CPU
		{EC7FD2DF-BEDB-45F9-AC7E-9C482797F5C7}.Debug|x64.Build.0 = Debug|Any CPU
		{EC7FD2DF-BEDB-45F9-AC7E-9C482797F5C7}.Debug|x86.ActiveCfg = Debug|Any CPU
		{EC7FD2DF-BEDB-45F9-AC7E-9C482797F5C7}.Debug|x86.Build.0 = Debug|Any CPU
		{EC7FD2DF-BEDB-45F9-AC7E-9C482797F5C7}.Release|Any CPU.ActiveCfg = Release|Any CPU
		{EC7FD2DF-BEDB-45F9-AC7E-9C482797F5C7}.Release|Any CPU.Build.0 = Release|Any CPU
		{EC7FD2DF-BEDB-45F9-AC7E-9C482797F5C7}.Release|x64.ActiveCfg = Release|Any CPU
		{EC7FD2DF-BEDB-45F9-AC7E-9C482797F5C7}.Release|x64.Build.0 = Release|Any CPU
		{EC7FD2DF-BEDB-45F9-AC7E-9C482797F5C7}.Release|x86.ActiveCfg = Release|Any CPU
		{EC7FD2DF-BEDB-45F9-AC7E-9C482797F5C7}.Release|x86.Build.0 = Release|Any CPU
		{EC295AA1-BF27-44CA-BD7B-1169AB22D4D2}.Debug|Any CPU.ActiveCfg = Debug|Any CPU
		{EC295AA1-BF27-44CA-BD7B-1169AB22D4D2}.Debug|Any CPU.Build.0 = Debug|Any CPU
		{EC295AA1-BF27-44CA-BD7B-1169AB22D4D2}.Debug|x64.ActiveCfg = Debug|Any CPU
		{EC295AA1-BF27-44CA-BD7B-1169AB22D4D2}.Debug|x64.Build.0 = Debug|Any CPU
		{EC295AA1-BF27-44CA-BD7B-1169AB22D4D2}.Debug|x86.ActiveCfg = Debug|Any CPU
		{EC295AA1-BF27-44CA-BD7B-1169AB22D4D2}.Debug|x86.Build.0 = Debug|Any CPU
		{EC295AA1-BF27-44CA-BD7B-1169AB22D4D2}.Release|Any CPU.ActiveCfg = Release|Any CPU
		{EC295AA1-BF27-44CA-BD7B-1169AB22D4D2}.Release|Any CPU.Build.0 = Release|Any CPU
		{EC295AA1-BF27-44CA-BD7B-1169AB22D4D2}.Release|x64.ActiveCfg = Release|Any CPU
		{EC295AA1-BF27-44CA-BD7B-1169AB22D4D2}.Release|x64.Build.0 = Release|Any CPU
		{EC295AA1-BF27-44CA-BD7B-1169AB22D4D2}.Release|x86.ActiveCfg = Release|Any CPU
		{EC295AA1-BF27-44CA-BD7B-1169AB22D4D2}.Release|x86.Build.0 = Release|Any CPU
		{B7664EAC-FDB6-4CEE-A9CA-823D4B0F17E2}.Debug|Any CPU.ActiveCfg = Debug|Any CPU
		{B7664EAC-FDB6-4CEE-A9CA-823D4B0F17E2}.Debug|Any CPU.Build.0 = Debug|Any CPU
		{B7664EAC-FDB6-4CEE-A9CA-823D4B0F17E2}.Debug|x64.ActiveCfg = Debug|Any CPU
		{B7664EAC-FDB6-4CEE-A9CA-823D4B0F17E2}.Debug|x64.Build.0 = Debug|Any CPU
		{B7664EAC-FDB6-4CEE-A9CA-823D4B0F17E2}.Debug|x86.ActiveCfg = Debug|Any CPU
		{B7664EAC-FDB6-4CEE-A9CA-823D4B0F17E2}.Debug|x86.Build.0 = Debug|Any CPU
		{B7664EAC-FDB6-4CEE-A9CA-823D4B0F17E2}.Release|Any CPU.ActiveCfg = Release|Any CPU
		{B7664EAC-FDB6-4CEE-A9CA-823D4B0F17E2}.Release|Any CPU.Build.0 = Release|Any CPU
		{B7664EAC-FDB6-4CEE-A9CA-823D4B0F17E2}.Release|x64.ActiveCfg = Release|Any CPU
		{B7664EAC-FDB6-4CEE-A9CA-823D4B0F17E2}.Release|x64.Build.0 = Release|Any CPU
		{B7664EAC-FDB6-4CEE-A9CA-823D4B0F17E2}.Release|x86.ActiveCfg = Release|Any CPU
		{B7664EAC-FDB6-4CEE-A9CA-823D4B0F17E2}.Release|x86.Build.0 = Release|Any CPU
		{D8B372AE-8A70-4A4B-802E-7CCCE1B14D90}.Debug|Any CPU.ActiveCfg = Debug|Any CPU
		{D8B372AE-8A70-4A4B-802E-7CCCE1B14D90}.Debug|Any CPU.Build.0 = Debug|Any CPU
		{D8B372AE-8A70-4A4B-802E-7CCCE1B14D90}.Debug|x64.ActiveCfg = Debug|Any CPU
		{D8B372AE-8A70-4A4B-802E-7CCCE1B14D90}.Debug|x64.Build.0 = Debug|Any CPU
		{D8B372AE-8A70-4A4B-802E-7CCCE1B14D90}.Debug|x86.ActiveCfg = Debug|Any CPU
		{D8B372AE-8A70-4A4B-802E-7CCCE1B14D90}.Debug|x86.Build.0 = Debug|Any CPU
		{D8B372AE-8A70-4A4B-802E-7CCCE1B14D90}.Release|Any CPU.ActiveCfg = Release|Any CPU
		{D8B372AE-8A70-4A4B-802E-7CCCE1B14D90}.Release|Any CPU.Build.0 = Release|Any CPU
		{D8B372AE-8A70-4A4B-802E-7CCCE1B14D90}.Release|x64.ActiveCfg = Release|Any CPU
		{D8B372AE-8A70-4A4B-802E-7CCCE1B14D90}.Release|x64.Build.0 = Release|Any CPU
		{D8B372AE-8A70-4A4B-802E-7CCCE1B14D90}.Release|x86.ActiveCfg = Release|Any CPU
		{D8B372AE-8A70-4A4B-802E-7CCCE1B14D90}.Release|x86.Build.0 = Release|Any CPU
		{9D4B67C3-57FC-4676-8FA7-AF31280DE8A0}.Debug|Any CPU.ActiveCfg = Debug|Any CPU
		{9D4B67C3-57FC-4676-8FA7-AF31280DE8A0}.Debug|Any CPU.Build.0 = Debug|Any CPU
		{9D4B67C3-57FC-4676-8FA7-AF31280DE8A0}.Debug|x64.ActiveCfg = Debug|Any CPU
		{9D4B67C3-57FC-4676-8FA7-AF31280DE8A0}.Debug|x64.Build.0 = Debug|Any CPU
		{9D4B67C3-57FC-4676-8FA7-AF31280DE8A0}.Debug|x86.ActiveCfg = Debug|Any CPU
		{9D4B67C3-57FC-4676-8FA7-AF31280DE8A0}.Debug|x86.Build.0 = Debug|Any CPU
		{9D4B67C3-57FC-4676-8FA7-AF31280DE8A0}.Release|Any CPU.ActiveCfg = Release|Any CPU
		{9D4B67C3-57FC-4676-8FA7-AF31280DE8A0}.Release|Any CPU.Build.0 = Release|Any CPU
		{9D4B67C3-57FC-4676-8FA7-AF31280DE8A0}.Release|x64.ActiveCfg = Release|Any CPU
		{9D4B67C3-57FC-4676-8FA7-AF31280DE8A0}.Release|x64.Build.0 = Release|Any CPU
		{9D4B67C3-57FC-4676-8FA7-AF31280DE8A0}.Release|x86.ActiveCfg = Release|Any CPU
		{9D4B67C3-57FC-4676-8FA7-AF31280DE8A0}.Release|x86.Build.0 = Release|Any CPU
	EndGlobalSection
	GlobalSection(SolutionProperties) = preSolution
		HideSolutionNode = FALSE
	EndGlobalSection
	GlobalSection(NestedProjects) = preSolution
		{EC7FD2DF-BEDB-45F9-AC7E-9C482797F5C7} = {827E0CD3-B72D-47B6-A68D-7590B98EB39B}
		{EC295AA1-BF27-44CA-BD7B-1169AB22D4D2} = {827E0CD3-B72D-47B6-A68D-7590B98EB39B}
		{B7664EAC-FDB6-4CEE-A9CA-823D4B0F17E2} = {827E0CD3-B72D-47B6-A68D-7590B98EB39B}
		{D8B372AE-8A70-4A4B-802E-7CCCE1B14D90} = {827E0CD3-B72D-47B6-A68D-7590B98EB39B}
		{9D4B67C3-57FC-4676-8FA7-AF31280DE8A0} = {0AB3BF05-4346-4AA6-1389-037BE0695223}
	EndGlobalSection
EndGlobal
